
Microsoft Visual Studio Solution File, Format Version 12.00
# Visual Studio Version 17
VisualStudioVersion = 17.8.34330.188
MinimumVisualStudioVersion = 10.0.40219.1
Project("{FAE04EC0-301F-11D3-BF4B-00C04F79EFBC}") = "Dispositivos Eletronicos", "Dispositivos Eletronicos\Dispositivos Eletronicos.csproj", "{A3BC2F1F-1C51-4D53-81F0-BD1A47D20E6F}"
EndProject
Global
	GlobalSection(SolutionConfigurationPlatforms) = preSolution
		Debug|Any CPU = Debug|Any CPU
		Release|Any CPU = Release|Any CPU
	EndGlobalSection
	GlobalSection(ProjectConfigurationPlatforms) = postSolution
		{A3BC2F1F-1C51-4D53-81F0-BD1A47D20E6F}.Debug|Any CPU.ActiveCfg = Debug|Any CPU
		{A3BC2F1F-1C51-4D53-81F0-BD1A47D20E6F}.Debug|Any CPU.Build.0 = Debug|Any CPU
		{A3BC2F1F-1C51-4D53-81F0-BD1A47D20E6F}.Release|Any CPU.ActiveCfg = Release|Any CPU
		{A3BC2F1F-1C51-4D53-81F0-BD1A47D20E6F}.Release|Any CPU.Build.0 = Release|Any CPU
	EndGlobalSection
	GlobalSection(SolutionProperties) = preSolution
		HideSolutionNode = FALSE
	EndGlobalSection
	GlobalSection(ExtensibilityGlobals) = postSolution
		SolutionGuid = {CE11D128-36C3-44B4-BA01-280AF8A58FBF}
	EndGlobalSection
EndGlobal
